
Microsoft Visual Studio Solution File, Format Version 12.00
# Visual Studio Version 16
VisualStudioVersion = 16.0.31729.503
MinimumVisualStudioVersion = 10.0.40219.1
Project("{FAE04EC0-301F-11D3-BF4B-00C04F79EFBC}") = "gui Calculator'", "gui Calculator'.csproj", "{89E412A1-3298-4111-9CC8-E2AB1811F18D}"
EndProject
Global
	GlobalSection(SolutionConfigurationPlatforms) = preSolution
		Debug|Any CPU = Debug|Any CPU
		Release|Any CPU = Release|Any CPU
	EndGlobalSection
	GlobalSection(ProjectConfigurationPlatforms) = postSolution
		{89E412A1-3298-4111-9CC8-E2AB1811F18D}.Debug|Any CPU.ActiveCfg = Debug|Any CPU
		{89E412A1-3298-4111-9CC8-E2AB1811F18D}.Debug|Any CPU.Build.0 = Debug|Any CPU
		{89E412A1-3298-4111-9CC8-E2AB1811F18D}.Release|Any CPU.ActiveCfg = Release|Any CPU
		{89E412A1-3298-4111-9CC8-E2AB1811F18D}.Release|Any CPU.Build.0 = Release|Any CPU
	EndGlobalSection
	GlobalSection(SolutionProperties) = preSolution
		HideSolutionNode = FALSE
	EndGlobalSection
	GlobalSection(ExtensibilityGlobals) = postSolution
		SolutionGuid = {85C5D934-6793-4874-BBBD-76F84E375650}
	EndGlobalSection
EndGlobal
